// !$*UTF8*$!
{
	archiveVersion = 1;
	classes = {
	};
	objectVersion = 42;
	objects = {

/* Begin PBXAggregateTarget section */
		A4BB04770CFDC9900008AA74 /* Build All */ = {
			isa = PBXAggregateTarget;
			buildConfigurationList = A4BB047E0CFDC9CB0008AA74 /* Build configuration list for PBXAggregateTarget "Build All" */;
			buildPhases = (
			);
			dependencies = (
				5F2D94FE0D34536E00712D46 /* PBXTargetDependency */,
				09545D4C0CFDFC51002FD1D2 /* PBXTargetDependency */,
				A4BB04790CFDC99A0008AA74 /* PBXTargetDependency */,
				A4BB047B0CFDC99F0008AA74 /* PBXTargetDependency */,
				A46599FA0D146A2F006B02F0 /* PBXTargetDependency */,
			);
			name = "Build All";
			productName = Untitled;
		};
/* End PBXAggregateTarget section */

/* Begin PBXBuildFile section */
		09545D2B0CFDFBB1002FD1D2 /* SonarChunk.cpp in Sources */ = {isa = PBXBuildFile; fileRef = A4D5AE760CFD2FB3006BF690 /* SonarChunk.cpp */; settings = {ATTRIBUTES = (Public, ); }; };
		09545D2D0CFDFBB5002FD1D2 /* SonarController.cpp in Sources */ = {isa = PBXBuildFile; fileRef = A4BD37890CFA52DD00A10962 /* SonarController.cpp */; settings = {ATTRIBUTES = (Public, ); }; };
		09545D440CFDFC1F002FD1D2 /* libSonarCommon.a in Frameworks */ = {isa = PBXBuildFile; fileRef = 09545D2A0CFDFB9A002FD1D2 /* libSonarCommon.a */; };
		09545D450CFDFC21002FD1D2 /* libSonarCommon.a in Frameworks */ = {isa = PBXBuildFile; fileRef = 09545D2A0CFDFB9A002FD1D2 /* libSonarCommon.a */; };
		5F2D93A80D3437E900712D46 /* SampleDelay.h in Headers */ = {isa = PBXBuildFile; fileRef = 5F2D93A60D3437E900712D46 /* SampleDelay.h */; };
		5F2D93A90D3437E900712D46 /* SampleDelay.cpp in Sources */ = {isa = PBXBuildFile; fileRef = 5F2D93A70D3437E900712D46 /* SampleDelay.cpp */; };
		5F2D940F0D344C1700712D46 /* libSonarCommon.a in Frameworks */ = {isa = PBXBuildFile; fileRef = 09545D2A0CFDFB9A002FD1D2 /* libSonarCommon.a */; };
		5F2D94170D344C5B00712D46 /* TestSampleDelay.cpp in Sources */ = {isa = PBXBuildFile; fileRef = 5F2D94020D34481600712D46 /* TestSampleDelay.cpp */; };
		5F2D94180D344C5B00712D46 /* Test.cpp in Sources */ = {isa = PBXBuildFile; fileRef = 5F2D94050D34490D00712D46 /* Test.cpp */; };
		5F2D94930D344EF700712D46 /* AssertException.h in CopyFiles */ = {isa = PBXBuildFile; fileRef = 5F2D94760D344EF700712D46 /* AssertException.h */; };
		5F2D94940D344EF700712D46 /* CheckMacros.h in CopyFiles */ = {isa = PBXBuildFile; fileRef = 5F2D94770D344EF700712D46 /* CheckMacros.h */; };
		5F2D94950D344EF700712D46 /* Checks.h in CopyFiles */ = {isa = PBXBuildFile; fileRef = 5F2D94780D344EF700712D46 /* Checks.h */; };
		5F2D94960D344EF700712D46 /* Config.h in CopyFiles */ = {isa = PBXBuildFile; fileRef = 5F2D94790D344EF700712D46 /* Config.h */; };
		5F2D94970D344EF700712D46 /* DeferredTestReporter.h in CopyFiles */ = {isa = PBXBuildFile; fileRef = 5F2D947A0D344EF700712D46 /* DeferredTestReporter.h */; };
		5F2D94980D344EF700712D46 /* DeferredTestResult.h in CopyFiles */ = {isa = PBXBuildFile; fileRef = 5F2D947B0D344EF700712D46 /* DeferredTestResult.h */; };
		5F2D94990D344EF700712D46 /* ExecuteTest.h in CopyFiles */ = {isa = PBXBuildFile; fileRef = 5F2D947C0D344EF700712D46 /* ExecuteTest.h */; };
		5F2D949A0D344EF700712D46 /* MemoryOutStream.h in CopyFiles */ = {isa = PBXBuildFile; fileRef = 5F2D947D0D344EF700712D46 /* MemoryOutStream.h */; };
		5F2D949B0D344EF700712D46 /* SignalTranslator.h in CopyFiles */ = {isa = PBXBuildFile; fileRef = 5F2D947F0D344EF700712D46 /* SignalTranslator.h */; };
		5F2D949C0D344EF700712D46 /* TimeHelpers.h in CopyFiles */ = {isa = PBXBuildFile; fileRef = 5F2D94800D344EF700712D46 /* TimeHelpers.h */; };
		5F2D949D0D344EF700712D46 /* ReportAssert.h in CopyFiles */ = {isa = PBXBuildFile; fileRef = 5F2D94810D344EF700712D46 /* ReportAssert.h */; };
		5F2D949E0D344EF700712D46 /* Test.h in CopyFiles */ = {isa = PBXBuildFile; fileRef = 5F2D94820D344EF700712D46 /* Test.h */; };
		5F2D949F0D344EF700712D46 /* TestDetails.h in CopyFiles */ = {isa = PBXBuildFile; fileRef = 5F2D94830D344EF700712D46 /* TestDetails.h */; };
		5F2D94A00D344EF700712D46 /* TestList.h in CopyFiles */ = {isa = PBXBuildFile; fileRef = 5F2D94840D344EF700712D46 /* TestList.h */; };
		5F2D94A10D344EF700712D46 /* TestMacros.h in CopyFiles */ = {isa = PBXBuildFile; fileRef = 5F2D94850D344EF700712D46 /* TestMacros.h */; };
		5F2D94A20D344EF700712D46 /* TestReporter.h in CopyFiles */ = {isa = PBXBuildFile; fileRef = 5F2D94860D344EF700712D46 /* TestReporter.h */; };
		5F2D94A30D344EF700712D46 /* TestReporterStdout.h in CopyFiles */ = {isa = PBXBuildFile; fileRef = 5F2D94870D344EF700712D46 /* TestReporterStdout.h */; };
		5F2D94A40D344EF700712D46 /* TestResults.h in CopyFiles */ = {isa = PBXBuildFile; fileRef = 5F2D94880D344EF700712D46 /* TestResults.h */; };
		5F2D94A50D344EF700712D46 /* TestRunner.h in CopyFiles */ = {isa = PBXBuildFile; fileRef = 5F2D94890D344EF700712D46 /* TestRunner.h */; };
		5F2D94A60D344EF700712D46 /* TestSuite.h in CopyFiles */ = {isa = PBXBuildFile; fileRef = 5F2D948A0D344EF700712D46 /* TestSuite.h */; };
		5F2D94A70D344EF700712D46 /* TimeConstraint.h in CopyFiles */ = {isa = PBXBuildFile; fileRef = 5F2D948B0D344EF700712D46 /* TimeConstraint.h */; };
		5F2D94A80D344EF700712D46 /* TimeHelpers.h in CopyFiles */ = {isa = PBXBuildFile; fileRef = 5F2D948C0D344EF700712D46 /* TimeHelpers.h */; };
		5F2D94A90D344EF700712D46 /* UnitTest++.h in CopyFiles */ = {isa = PBXBuildFile; fileRef = 5F2D948D0D344EF700712D46 /* UnitTest++.h */; };
		5F2D94AA0D344EF700712D46 /* XmlTestReporter.h in CopyFiles */ = {isa = PBXBuildFile; fileRef = 5F2D948E0D344EF700712D46 /* XmlTestReporter.h */; };
		5F2D94AB0D344EF700712D46 /* libUnitTest++.a in Frameworks */ = {isa = PBXBuildFile; fileRef = 5F2D94900D344EF700712D46 /* libUnitTest++.a */; };
		5F2D94AC0D344EF700712D46 /* UnitTest++.pc in CopyFiles */ = {isa = PBXBuildFile; fileRef = 5F2D94920D344EF700712D46 /* UnitTest++.pc */; };
		5F2D94AD0D344F0400712D46 /* libUnitTest++.a in Frameworks */ = {isa = PBXBuildFile; fileRef = 5F2D94900D344EF700712D46 /* libUnitTest++.a */; };
		5F7D438E0CFCF4EE00C27E9B /* adc.dat in CopyFiles */ = {isa = PBXBuildFile; fileRef = 5F7D438D0CFCF4EE00C27E9B /* adc.dat */; };
		8DD76F650486A84900D96B5E /* main.cpp in Sources */ = {isa = PBXBuildFile; fileRef = 08FB7796FE84155DC02AAC07 /* main.cpp */; settings = {ATTRIBUTES = (); }; };
		A405045F0D10A721009B83D2 /* SlidingDFT.h in Headers */ = {isa = PBXBuildFile; fileRef = A405045D0D10A721009B83D2 /* SlidingDFT.h */; };
		A40504820D10AE39009B83D2 /* SimpleSlidingDFT.h in Headers */ = {isa = PBXBuildFile; fileRef = A40504810D10AE39009B83D2 /* SimpleSlidingDFT.h */; };
		A40504840D10AE43009B83D2 /* SimpleSlidingDFT.cpp in Sources */ = {isa = PBXBuildFile; fileRef = A40504830D10AE43009B83D2 /* SimpleSlidingDFT.cpp */; };
		A46599F00D1469C0006B02F0 /* libSonarCommon.a in Frameworks */ = {isa = PBXBuildFile; fileRef = 09545D2A0CFDFB9A002FD1D2 /* libSonarCommon.a */; };
		A46599F80D146A25006B02F0 /* dfttest.cpp in Sources */ = {isa = PBXBuildFile; fileRef = A46599E50D1462E5006B02F0 /* dfttest.cpp */; };
		A4659ABE0D1481EC006B02F0 /* Trigger.cpp in Sources */ = {isa = PBXBuildFile; fileRef = A4659ABC0D1481EB006B02F0 /* Trigger.cpp */; };
		A4659ABF0D1481EC006B02F0 /* Trigger.h in Headers */ = {isa = PBXBuildFile; fileRef = A4659ABD0D1481EB006B02F0 /* Trigger.h */; };
		A4659B690D1490F0006B02F0 /* dfttest.dat in CopyFiles */ = {isa = PBXBuildFile; fileRef = A4659B640D149029006B02F0 /* dfttest.dat */; };
		A4BB03E90CFDC4A40008AA74 /* crosscorrelation.cpp in Sources */ = {isa = PBXBuildFile; fileRef = A4BB03DD0CFDC4570008AA74 /* crosscorrelation.cpp */; };
		A4BB03EC0CFDC4A40008AA74 /* adc.dat in CopyFiles */ = {isa = PBXBuildFile; fileRef = 5F7D438D0CFCF4EE00C27E9B /* adc.dat */; };
		A4BFB0160D00FA740013EB30 /* TDOA.cpp in Sources */ = {isa = PBXBuildFile; fileRef = A4BFAFF20D00F9590013EB30 /* TDOA.cpp */; };
		A4D9ED620CFE928D00F5548D /* Sonar.cpp in Sources */ = {isa = PBXBuildFile; fileRef = A4D9ED610CFE928D00F5548D /* Sonar.cpp */; };
/* End PBXBuildFile section */

/* Begin PBXContainerItemProxy section */
		09545D4B0CFDFC51002FD1D2 /* PBXContainerItemProxy */ = {
			isa = PBXContainerItemProxy;
			containerPortal = 08FB7793FE84155DC02AAC07 /* Project object */;
			proxyType = 1;
			remoteGlobalIDString = 09545D290CFDFB9A002FD1D2;
			remoteInfo = SonarCommon;
		};
		5F2D94FD0D34536E00712D46 /* PBXContainerItemProxy */ = {
			isa = PBXContainerItemProxy;
			containerPortal = 08FB7793FE84155DC02AAC07 /* Project object */;
			proxyType = 1;
			remoteGlobalIDString = 5F2D940B0D344C1700712D46 /* unittest */;
			remoteInfo = unittest;
		};
		A46599F90D146A2F006B02F0 /* PBXContainerItemProxy */ = {
			isa = PBXContainerItemProxy;
			containerPortal = 08FB7793FE84155DC02AAC07 /* Project object */;
			proxyType = 1;
			remoteGlobalIDString = A46599EC0D1469C0006B02F0;
			remoteInfo = dfttest;
		};
		A4BB04780CFDC99A0008AA74 /* PBXContainerItemProxy */ = {
			isa = PBXContainerItemProxy;
			containerPortal = 08FB7793FE84155DC02AAC07 /* Project object */;
			proxyType = 1;
			remoteGlobalIDString = 8DD76F620486A84900D96B5E;
			remoteInfo = sonarController;
		};
		A4BB047A0CFDC99F0008AA74 /* PBXContainerItemProxy */ = {
			isa = PBXContainerItemProxy;
			containerPortal = 08FB7793FE84155DC02AAC07 /* Project object */;
			proxyType = 1;
			remoteGlobalIDString = A4BB03E30CFDC4A40008AA74;
			remoteInfo = crosscorrelation;
		};
/* End PBXContainerItemProxy section */

/* Begin PBXCopyFilesBuildPhase section */
		5F2D94100D344C1700712D46 /* CopyFiles */ = {
			isa = PBXCopyFilesBuildPhase;
			buildActionMask = 12;
			dstPath = "";
			dstSubfolderSpec = 16;
			files = (
			);
			runOnlyForDeploymentPostprocessing = 0;
		};
		8DD76F690486A84900D96B5E /* CopyFiles */ = {
			isa = PBXCopyFilesBuildPhase;
			buildActionMask = 12;
			dstPath = "";
			dstSubfolderSpec = 16;
			files = (
				5F7D438E0CFCF4EE00C27E9B /* adc.dat in CopyFiles */,
				5F2D94930D344EF700712D46 /* AssertException.h in CopyFiles */,
				5F2D94940D344EF700712D46 /* CheckMacros.h in CopyFiles */,
				5F2D94950D344EF700712D46 /* Checks.h in CopyFiles */,
				5F2D94960D344EF700712D46 /* Config.h in CopyFiles */,
				5F2D94970D344EF700712D46 /* DeferredTestReporter.h in CopyFiles */,
				5F2D94980D344EF700712D46 /* DeferredTestResult.h in CopyFiles */,
				5F2D94990D344EF700712D46 /* ExecuteTest.h in CopyFiles */,
				5F2D949A0D344EF700712D46 /* MemoryOutStream.h in CopyFiles */,
				5F2D949B0D344EF700712D46 /* SignalTranslator.h in CopyFiles */,
				5F2D949C0D344EF700712D46 /* TimeHelpers.h in CopyFiles */,
				5F2D949D0D344EF700712D46 /* ReportAssert.h in CopyFiles */,
				5F2D949E0D344EF700712D46 /* Test.h in CopyFiles */,
				5F2D949F0D344EF700712D46 /* TestDetails.h in CopyFiles */,
				5F2D94A00D344EF700712D46 /* TestList.h in CopyFiles */,
				5F2D94A10D344EF700712D46 /* TestMacros.h in CopyFiles */,
				5F2D94A20D344EF700712D46 /* TestReporter.h in CopyFiles */,
				5F2D94A30D344EF700712D46 /* TestReporterStdout.h in CopyFiles */,
				5F2D94A40D344EF700712D46 /* TestResults.h in CopyFiles */,
				5F2D94A50D344EF700712D46 /* TestRunner.h in CopyFiles */,
				5F2D94A60D344EF700712D46 /* TestSuite.h in CopyFiles */,
				5F2D94A70D344EF700712D46 /* TimeConstraint.h in CopyFiles */,
				5F2D94A80D344EF700712D46 /* TimeHelpers.h in CopyFiles */,
				5F2D94A90D344EF700712D46 /* UnitTest++.h in CopyFiles */,
				5F2D94AA0D344EF700712D46 /* XmlTestReporter.h in CopyFiles */,
				5F2D94AC0D344EF700712D46 /* UnitTest++.pc in CopyFiles */,
			);
			runOnlyForDeploymentPostprocessing = 0;
		};
		A46599F10D1469C0006B02F0 /* CopyFiles */ = {
			isa = PBXCopyFilesBuildPhase;
			buildActionMask = 12;
			dstPath = "";
			dstSubfolderSpec = 16;
			files = (
				A4659B690D1490F0006B02F0 /* dfttest.dat in CopyFiles */,
			);
			runOnlyForDeploymentPostprocessing = 0;
		};
		A4BB03EB0CFDC4A40008AA74 /* CopyFiles */ = {
			isa = PBXCopyFilesBuildPhase;
			buildActionMask = 12;
			dstPath = "";
			dstSubfolderSpec = 16;
			files = (
				A4BB03EC0CFDC4A40008AA74 /* adc.dat in CopyFiles */,
			);
			runOnlyForDeploymentPostprocessing = 0;
		};
/* End PBXCopyFilesBuildPhase section */

/* Begin PBXFileReference section */
		08FB7796FE84155DC02AAC07 /* main.cpp */ = {isa = PBXFileReference; fileEncoding = 4; lastKnownFileType = sourcecode.cpp.cpp; path = main.cpp; sourceTree = "<group>"; };
		09545D2A0CFDFB9A002FD1D2 /* libSonarCommon.a */ = {isa = PBXFileReference; explicitFileType = archive.ar; includeInIndex = 0; path = libSonarCommon.a; sourceTree = BUILT_PRODUCTS_DIR; };
		5F2D93A60D3437E900712D46 /* SampleDelay.h */ = {isa = PBXFileReference; fileEncoding = 4; lastKnownFileType = sourcecode.c.h; path = SampleDelay.h; sourceTree = "<group>"; };
		5F2D93A70D3437E900712D46 /* SampleDelay.cpp */ = {isa = PBXFileReference; fileEncoding = 4; lastKnownFileType = sourcecode.cpp.cpp; path = SampleDelay.cpp; sourceTree = "<group>"; };
		5F2D94020D34481600712D46 /* TestSampleDelay.cpp */ = {isa = PBXFileReference; fileEncoding = 30; lastKnownFileType = sourcecode.cpp.cpp; name = TestSampleDelay.cpp; path = test/src/TestSampleDelay.cpp; sourceTree = "<group>"; };
		5F2D94050D34490D00712D46 /* Test.cpp */ = {isa = PBXFileReference; fileEncoding = 4; lastKnownFileType = sourcecode.cpp.cpp; name = Test.cpp; path = test/src/Test.cpp; sourceTree = "<group>"; };
		5F2D94150D344C1700712D46 /* unittest */ = {isa = PBXFileReference; explicitFileType = "compiled.mach-o.executable"; includeInIndex = 0; path = unittest; sourceTree = BUILT_PRODUCTS_DIR; };
		5F2D94760D344EF700712D46 /* AssertException.h */ = {isa = PBXFileReference; fileEncoding = 30; lastKnownFileType = sourcecode.c.h; path = AssertException.h; sourceTree = "<group>"; };
		5F2D94770D344EF700712D46 /* CheckMacros.h */ = {isa = PBXFileReference; fileEncoding = 30; lastKnownFileType = sourcecode.c.h; path = CheckMacros.h; sourceTree = "<group>"; };
		5F2D94780D344EF700712D46 /* Checks.h */ = {isa = PBXFileReference; fileEncoding = 30; lastKnownFileType = sourcecode.c.h; path = Checks.h; sourceTree = "<group>"; };
		5F2D94790D344EF700712D46 /* Config.h */ = {isa = PBXFileReference; fileEncoding = 30; lastKnownFileType = sourcecode.c.h; path = Config.h; sourceTree = "<group>"; };
		5F2D947A0D344EF700712D46 /* DeferredTestReporter.h */ = {isa = PBXFileReference; fileEncoding = 30; lastKnownFileType = sourcecode.c.h; path = DeferredTestReporter.h; sourceTree = "<group>"; };
		5F2D947B0D344EF700712D46 /* DeferredTestResult.h */ = {isa = PBXFileReference; fileEncoding = 30; lastKnownFileType = sourcecode.c.h; path = DeferredTestResult.h; sourceTree = "<group>"; };
		5F2D947C0D344EF700712D46 /* ExecuteTest.h */ = {isa = PBXFileReference; fileEncoding = 30; lastKnownFileType = sourcecode.c.h; path = ExecuteTest.h; sourceTree = "<group>"; };
		5F2D947D0D344EF700712D46 /* MemoryOutStream.h */ = {isa = PBXFileReference; fileEncoding = 30; lastKnownFileType = sourcecode.c.h; path = MemoryOutStream.h; sourceTree = "<group>"; };
		5F2D947F0D344EF700712D46 /* SignalTranslator.h */ = {isa = PBXFileReference; fileEncoding = 30; lastKnownFileType = sourcecode.c.h; path = SignalTranslator.h; sourceTree = "<group>"; };
		5F2D94800D344EF700712D46 /* TimeHelpers.h */ = {isa = PBXFileReference; fileEncoding = 30; lastKnownFileType = sourcecode.c.h; path = TimeHelpers.h; sourceTree = "<group>"; };
		5F2D94810D344EF700712D46 /* ReportAssert.h */ = {isa = PBXFileReference; fileEncoding = 30; lastKnownFileType = sourcecode.c.h; path = ReportAssert.h; sourceTree = "<group>"; };
		5F2D94820D344EF700712D46 /* Test.h */ = {isa = PBXFileReference; fileEncoding = 30; lastKnownFileType = sourcecode.c.h; path = Test.h; sourceTree = "<group>"; };
		5F2D94830D344EF700712D46 /* TestDetails.h */ = {isa = PBXFileReference; fileEncoding = 30; lastKnownFileType = sourcecode.c.h; path = TestDetails.h; sourceTree = "<group>"; };
		5F2D94840D344EF700712D46 /* TestList.h */ = {isa = PBXFileReference; fileEncoding = 30; lastKnownFileType = sourcecode.c.h; path = TestList.h; sourceTree = "<group>"; };
		5F2D94850D344EF700712D46 /* TestMacros.h */ = {isa = PBXFileReference; fileEncoding = 30; lastKnownFileType = sourcecode.c.h; path = TestMacros.h; sourceTree = "<group>"; };
		5F2D94860D344EF700712D46 /* TestReporter.h */ = {isa = PBXFileReference; fileEncoding = 30; lastKnownFileType = sourcecode.c.h; path = TestReporter.h; sourceTree = "<group>"; };
		5F2D94870D344EF700712D46 /* TestReporterStdout.h */ = {isa = PBXFileReference; fileEncoding = 30; lastKnownFileType = sourcecode.c.h; path = TestReporterStdout.h; sourceTree = "<group>"; };
		5F2D94880D344EF700712D46 /* TestResults.h */ = {isa = PBXFileReference; fileEncoding = 30; lastKnownFileType = sourcecode.c.h; path = TestResults.h; sourceTree = "<group>"; };
		5F2D94890D344EF700712D46 /* TestRunner.h */ = {isa = PBXFileReference; fileEncoding = 30; lastKnownFileType = sourcecode.c.h; path = TestRunner.h; sourceTree = "<group>"; };
		5F2D948A0D344EF700712D46 /* TestSuite.h */ = {isa = PBXFileReference; fileEncoding = 30; lastKnownFileType = sourcecode.c.h; path = TestSuite.h; sourceTree = "<group>"; };
		5F2D948B0D344EF700712D46 /* TimeConstraint.h */ = {isa = PBXFileReference; fileEncoding = 30; lastKnownFileType = sourcecode.c.h; path = TimeConstraint.h; sourceTree = "<group>"; };
		5F2D948C0D344EF700712D46 /* TimeHelpers.h */ = {isa = PBXFileReference; fileEncoding = 30; lastKnownFileType = sourcecode.c.h; path = TimeHelpers.h; sourceTree = "<group>"; };
		5F2D948D0D344EF700712D46 /* UnitTest++.h */ = {isa = PBXFileReference; fileEncoding = 30; lastKnownFileType = sourcecode.c.h; path = "UnitTest++.h"; sourceTree = "<group>"; };
		5F2D948E0D344EF700712D46 /* XmlTestReporter.h */ = {isa = PBXFileReference; fileEncoding = 30; lastKnownFileType = sourcecode.c.h; path = XmlTestReporter.h; sourceTree = "<group>"; };
		5F2D94900D344EF700712D46 /* libUnitTest++.a */ = {isa = PBXFileReference; lastKnownFileType = archive.ar; path = "libUnitTest++.a"; sourceTree = "<group>"; };
		5F2D94920D344EF700712D46 /* UnitTest++.pc */ = {isa = PBXFileReference; fileEncoding = 30; lastKnownFileType = text; path = "UnitTest++.pc"; sourceTree = "<group>"; };
		5F7D438D0CFCF4EE00C27E9B /* adc.dat */ = {isa = PBXFileReference; lastKnownFileType = file; path = adc.dat; sourceTree = "<group>"; };
		8DD76F6C0486A84900D96B5E /* sonarController */ = {isa = PBXFileReference; explicitFileType = "compiled.mach-o.executable"; includeInIndex = 0; path = sonarController; sourceTree = BUILT_PRODUCTS_DIR; };
		A405045D0D10A721009B83D2 /* SlidingDFT.h */ = {isa = PBXFileReference; fileEncoding = 30; lastKnownFileType = sourcecode.c.h; path = SlidingDFT.h; sourceTree = "<group>"; };
		A40504810D10AE39009B83D2 /* SimpleSlidingDFT.h */ = {isa = PBXFileReference; fileEncoding = 30; lastKnownFileType = sourcecode.c.h; path = SimpleSlidingDFT.h; sourceTree = "<group>"; };
		A40504830D10AE43009B83D2 /* SimpleSlidingDFT.cpp */ = {isa = PBXFileReference; fileEncoding = 30; lastKnownFileType = sourcecode.cpp.cpp; path = SimpleSlidingDFT.cpp; sourceTree = "<group>"; };
		A46599E00D146268006B02F0 /* config.m */ = {isa = PBXFileReference; fileEncoding = 30; lastKnownFileType = sourcecode.c.objc; name = config.m; path = test/config.m; sourceTree = "<group>"; };
		A46599E10D146268006B02F0 /* makedataset.m */ = {isa = PBXFileReference; fileEncoding = 30; lastKnownFileType = sourcecode.c.objc; name = makedataset.m; path = test/makedataset.m; sourceTree = "<group>"; };
		A46599E20D146268006B02F0 /* plotadcdata.m */ = {isa = PBXFileReference; fileEncoding = 30; lastKnownFileType = sourcecode.c.objc; name = plotadcdata.m; path = test/plotadcdata.m; sourceTree = "<group>"; };
		A46599E50D1462E5006B02F0 /* dfttest.cpp */ = {isa = PBXFileReference; fileEncoding = 30; lastKnownFileType = sourcecode.cpp.cpp; name = dfttest.cpp; path = test/dfttest.cpp; sourceTree = "<group>"; };
		A46599F60D1469C0006B02F0 /* dfttest */ = {isa = PBXFileReference; explicitFileType = "compiled.mach-o.executable"; includeInIndex = 0; path = dfttest; sourceTree = BUILT_PRODUCTS_DIR; };
		A4659ABC0D1481EB006B02F0 /* Trigger.cpp */ = {isa = PBXFileReference; fileEncoding = 30; lastKnownFileType = sourcecode.cpp.cpp; name = Trigger.cpp; path = Trigger/Trigger.cpp; sourceTree = "<group>"; };
		A4659ABD0D1481EB006B02F0 /* Trigger.h */ = {isa = PBXFileReference; fileEncoding = 30; lastKnownFileType = sourcecode.c.h; name = Trigger.h; path = Trigger/Trigger.h; sourceTree = "<group>"; };
		A4659B640D149029006B02F0 /* dfttest.dat */ = {isa = PBXFileReference; fileEncoding = 30; lastKnownFileType = text; name = dfttest.dat; path = ../test/dfttest.dat; sourceTree = "<group>"; };
		A4BB03DD0CFDC4570008AA74 /* crosscorrelation.cpp */ = {isa = PBXFileReference; fileEncoding = 4; lastKnownFileType = sourcecode.cpp.cpp; path = crosscorrelation.cpp; sourceTree = "<group>"; };
		A4BB03F20CFDC4A40008AA74 /* crosscorrelation */ = {isa = PBXFileReference; explicitFileType = "compiled.mach-o.executable"; includeInIndex = 0; path = crosscorrelation; sourceTree = BUILT_PRODUCTS_DIR; };
		A4BB04B70CFDCCF10008AA74 /* Sonar.h */ = {isa = PBXFileReference; fileEncoding = 4; lastKnownFileType = sourcecode.c.h; path = Sonar.h; sourceTree = "<group>"; };
		A4BD37880CFA52DD00A10962 /* SonarController.h */ = {isa = PBXFileReference; fileEncoding = 4; lastKnownFileType = sourcecode.c.h; path = SonarController.h; sourceTree = "<group>"; };
		A4BD37890CFA52DD00A10962 /* SonarController.cpp */ = {isa = PBXFileReference; fileEncoding = 4; lastKnownFileType = sourcecode.cpp.cpp; path = SonarController.cpp; sourceTree = "<group>"; };
		A4BFAFF10D00F9590013EB30 /* TDOA.h */ = {isa = PBXFileReference; fileEncoding = 4; lastKnownFileType = sourcecode.c.h; path = TDOA.h; sourceTree = "<group>"; };
		A4BFAFF20D00F9590013EB30 /* TDOA.cpp */ = {isa = PBXFileReference; fileEncoding = 4; lastKnownFileType = sourcecode.cpp.cpp; path = TDOA.cpp; sourceTree = "<group>"; };
		A4D5AE750CFD2FB3006BF690 /* SonarChunk.h */ = {isa = PBXFileReference; fileEncoding = 4; lastKnownFileType = sourcecode.c.h; path = SonarChunk.h; sourceTree = "<group>"; };
		A4D5AE760CFD2FB3006BF690 /* SonarChunk.cpp */ = {isa = PBXFileReference; fileEncoding = 4; lastKnownFileType = sourcecode.cpp.cpp; path = SonarChunk.cpp; sourceTree = "<group>"; };
		A4D9ED610CFE928D00F5548D /* Sonar.cpp */ = {isa = PBXFileReference; fileEncoding = 4; lastKnownFileType = sourcecode.cpp.cpp; path = Sonar.cpp; sourceTree = "<group>"; };
/* End PBXFileReference section */

/* Begin PBXFrameworksBuildPhase section */
		09545D280CFDFB9A002FD1D2 /* Frameworks */ = {
			isa = PBXFrameworksBuildPhase;
			buildActionMask = 2147483647;
			files = (
			);
			runOnlyForDeploymentPostprocessing = 0;
		};
		5F2D940E0D344C1700712D46 /* Frameworks */ = {
			isa = PBXFrameworksBuildPhase;
			buildActionMask = 2147483647;
			files = (
				5F2D94AD0D344F0400712D46 /* libUnitTest++.a in Frameworks */,
				5F2D940F0D344C1700712D46 /* libSonarCommon.a in Frameworks */,
			);
			runOnlyForDeploymentPostprocessing = 0;
		};
		8DD76F660486A84900D96B5E /* Frameworks */ = {
			isa = PBXFrameworksBuildPhase;
			buildActionMask = 2147483647;
			files = (
				09545D440CFDFC1F002FD1D2 /* libSonarCommon.a in Frameworks */,
				5F2D94AB0D344EF700712D46 /* libUnitTest++.a in Frameworks */,
			);
			runOnlyForDeploymentPostprocessing = 0;
		};
		A46599EF0D1469C0006B02F0 /* Frameworks */ = {
			isa = PBXFrameworksBuildPhase;
			buildActionMask = 2147483647;
			files = (
				A46599F00D1469C0006B02F0 /* libSonarCommon.a in Frameworks */,
			);
			runOnlyForDeploymentPostprocessing = 0;
		};
		A4BB03EA0CFDC4A40008AA74 /* Frameworks */ = {
			isa = PBXFrameworksBuildPhase;
			buildActionMask = 2147483647;
			files = (
				09545D450CFDFC21002FD1D2 /* libSonarCommon.a in Frameworks */,
			);
			runOnlyForDeploymentPostprocessing = 0;
		};
/* End PBXFrameworksBuildPhase section */

/* Begin PBXGroup section */
		08FB7794FE84155DC02AAC07 /* sonarController */ = {
			isa = PBXGroup;
			children = (
				5F2D94740D344EF700712D46 /* include */,
				5F2D948F0D344EF700712D46 /* lib */,
				08FB7795FE84155DC02AAC07 /* Source */,
				C6859E8C029090F304C91782 /* Documentation */,
				1AB674ADFE9D54B511CA2CBB /* Products */,
			);
			name = sonarController;
			sourceTree = "<group>";
		};
		08FB7795FE84155DC02AAC07 /* Source */ = {
			isa = PBXGroup;
			children = (
				5F2D93A60D3437E900712D46 /* SampleDelay.h */,
				5F2D93A70D3437E900712D46 /* SampleDelay.cpp */,
				A4659AC00D1481F5006B02F0 /* Trigger */,
				A46599E30D146272006B02F0 /* test */,
				A405045B0D10A721009B83D2 /* SlidingDFT */,
				A4D9ED610CFE928D00F5548D /* Sonar.cpp */,
				A4D5AE750CFD2FB3006BF690 /* SonarChunk.h */,
				A4D5AE760CFD2FB3006BF690 /* SonarChunk.cpp */,
				A4BD37880CFA52DD00A10962 /* SonarController.h */,
				A4BD37890CFA52DD00A10962 /* SonarController.cpp */,
				08FB7796FE84155DC02AAC07 /* main.cpp */,
				A4BB03DD0CFDC4570008AA74 /* crosscorrelation.cpp */,
				A4BB04B70CFDCCF10008AA74 /* Sonar.h */,
				A4BFAFF10D00F9590013EB30 /* TDOA.h */,
				A4BFAFF20D00F9590013EB30 /* TDOA.cpp */,
			);
			name = Source;
			sourceTree = "<group>";
		};
		1AB674ADFE9D54B511CA2CBB /* Products */ = {
			isa = PBXGroup;
			children = (
				5F7D438D0CFCF4EE00C27E9B /* adc.dat */,
				8DD76F6C0486A84900D96B5E /* sonarController */,
				A4BB03F20CFDC4A40008AA74 /* crosscorrelation */,
				09545D2A0CFDFB9A002FD1D2 /* libSonarCommon.a */,
				A46599F60D1469C0006B02F0 /* dfttest */,
				5F2D94150D344C1700712D46 /* unittest */,
			);
			name = Products;
			sourceTree = "<group>";
		};
		5F2D93C60D34479700712D46 /* src */ = {
			isa = PBXGroup;
			children = (
				5F2D94020D34481600712D46 /* TestSampleDelay.cpp */,
				5F2D94050D34490D00712D46 /* Test.cpp */,
			);
			name = src;
			sourceTree = "<group>";
		};
		5F2D94740D344EF700712D46 /* include */ = {
			isa = PBXGroup;
			children = (
				5F2D94750D344EF700712D46 /* UnitTest++ */,
			);
			path = include;
			sourceTree = "<group>";
		};
		5F2D94750D344EF700712D46 /* UnitTest++ */ = {
			isa = PBXGroup;
			children = (
				5F2D94760D344EF700712D46 /* AssertException.h */,
				5F2D94770D344EF700712D46 /* CheckMacros.h */,
				5F2D94780D344EF700712D46 /* Checks.h */,
				5F2D94790D344EF700712D46 /* Config.h */,
				5F2D947A0D344EF700712D46 /* DeferredTestReporter.h */,
				5F2D947B0D344EF700712D46 /* DeferredTestResult.h */,
				5F2D947C0D344EF700712D46 /* ExecuteTest.h */,
				5F2D947D0D344EF700712D46 /* MemoryOutStream.h */,
				5F2D947E0D344EF700712D46 /* Posix */,
				5F2D94810D344EF700712D46 /* ReportAssert.h */,
				5F2D94820D344EF700712D46 /* Test.h */,
				5F2D94830D344EF700712D46 /* TestDetails.h */,
				5F2D94840D344EF700712D46 /* TestList.h */,
				5F2D94850D344EF700712D46 /* TestMacros.h */,
				5F2D94860D344EF700712D46 /* TestReporter.h */,
				5F2D94870D344EF700712D46 /* TestReporterStdout.h */,
				5F2D94880D344EF700712D46 /* TestResults.h */,
				5F2D94890D344EF700712D46 /* TestRunner.h */,
				5F2D948A0D344EF700712D46 /* TestSuite.h */,
				5F2D948B0D344EF700712D46 /* TimeConstraint.h */,
				5F2D948C0D344EF700712D46 /* TimeHelpers.h */,
				5F2D948D0D344EF700712D46 /* UnitTest++.h */,
				5F2D948E0D344EF700712D46 /* XmlTestReporter.h */,
			);
			path = "UnitTest++";
			sourceTree = "<group>";
		};
		5F2D947E0D344EF700712D46 /* Posix */ = {
			isa = PBXGroup;
			children = (
				5F2D947F0D344EF700712D46 /* SignalTranslator.h */,
				5F2D94800D344EF700712D46 /* TimeHelpers.h */,
			);
			path = Posix;
			sourceTree = "<group>";
		};
		5F2D948F0D344EF700712D46 /* lib */ = {
			isa = PBXGroup;
			children = (
				5F2D94900D344EF700712D46 /* libUnitTest++.a */,
				5F2D94910D344EF700712D46 /* pkgconfig */,
			);
			path = lib;
			sourceTree = "<group>";
		};
		5F2D94910D344EF700712D46 /* pkgconfig */ = {
			isa = PBXGroup;
			children = (
				5F2D94920D344EF700712D46 /* UnitTest++.pc */,
			);
			path = pkgconfig;
			sourceTree = "<group>";
		};
		A405045B0D10A721009B83D2 /* SlidingDFT */ = {
			isa = PBXGroup;
			children = (
				A46599E60D1462E9006B02F0 /* test */,
				A405045D0D10A721009B83D2 /* SlidingDFT.h */,
				A40504830D10AE43009B83D2 /* SimpleSlidingDFT.cpp */,
				A40504810D10AE39009B83D2 /* SimpleSlidingDFT.h */,
			);
			path = SlidingDFT;
			sourceTree = "<group>";
		};
		A46599E30D146272006B02F0 /* test */ = {
			isa = PBXGroup;
			children = (
				5F2D93C60D34479700712D46 /* src */,
				A46599E00D146268006B02F0 /* config.m */,
				A46599E10D146268006B02F0 /* makedataset.m */,
				A46599E20D146268006B02F0 /* plotadcdata.m */,
			);
			name = test;
			sourceTree = "<group>";
		};
		A46599E60D1462E9006B02F0 /* test */ = {
			isa = PBXGroup;
			children = (
				A4659B640D149029006B02F0 /* dfttest.dat */,
				A46599E50D1462E5006B02F0 /* dfttest.cpp */,
			);
			name = test;
			sourceTree = "<group>";
		};
		A4659AC00D1481F5006B02F0 /* Trigger */ = {
			isa = PBXGroup;
			children = (
				A4659ABC0D1481EB006B02F0 /* Trigger.cpp */,
				A4659ABD0D1481EB006B02F0 /* Trigger.h */,
			);
			name = Trigger;
			sourceTree = "<group>";
		};
		C6859E8C029090F304C91782 /* Documentation */ = {
			isa = PBXGroup;
			children = (
			);
			name = Documentation;
			sourceTree = "<group>";
		};
/* End PBXGroup section */

/* Begin PBXHeadersBuildPhase section */
		09545D260CFDFB9A002FD1D2 /* Headers */ = {
			isa = PBXHeadersBuildPhase;
			buildActionMask = 2147483647;
			files = (
				A405045F0D10A721009B83D2 /* SlidingDFT.h in Headers */,
				A40504820D10AE39009B83D2 /* SimpleSlidingDFT.h in Headers */,
				A4659ABF0D1481EC006B02F0 /* Trigger.h in Headers */,
				5F2D93A80D3437E900712D46 /* SampleDelay.h in Headers */,
			);
			runOnlyForDeploymentPostprocessing = 0;
		};
/* End PBXHeadersBuildPhase section */

/* Begin PBXNativeTarget section */
		09545D290CFDFB9A002FD1D2 /* SonarCommon */ = {
			isa = PBXNativeTarget;
			buildConfigurationList = 09545D330CFDFC04002FD1D2 /* Build configuration list for PBXNativeTarget "SonarCommon" */;
			buildPhases = (
				09545D260CFDFB9A002FD1D2 /* Headers */,
				09545D270CFDFB9A002FD1D2 /* Sources */,
				09545D280CFDFB9A002FD1D2 /* Frameworks */,
			);
			buildRules = (
			);
			dependencies = (
			);
			name = SonarCommon;
			productName = SonarCommon;
			productReference = 09545D2A0CFDFB9A002FD1D2 /* libSonarCommon.a */;
			productType = "com.apple.product-type.library.static";
		};
		5F2D940B0D344C1700712D46 /* unittest */ = {
			isa = PBXNativeTarget;
			buildConfigurationList = 5F2D94120D344C1700712D46 /* Build configuration list for PBXNativeTarget "unittest" */;
			buildPhases = (
				5F2D940C0D344C1700712D46 /* Sources */,
				5F2D940E0D344C1700712D46 /* Frameworks */,
				5F2D94100D344C1700712D46 /* CopyFiles */,
			);
			buildRules = (
			);
			dependencies = (
			);
			name = unittest;
			productInstallPath = "$(HOME)/bin";
			productName = sonarController;
			productReference = 5F2D94150D344C1700712D46 /* unittest */;
			productType = "com.apple.product-type.tool";
		};
		8DD76F620486A84900D96B5E /* sonarController */ = {
			isa = PBXNativeTarget;
			buildConfigurationList = 1DEB923108733DC60010E9CD /* Build configuration list for PBXNativeTarget "sonarController" */;
			buildPhases = (
				8DD76F640486A84900D96B5E /* Sources */,
				8DD76F660486A84900D96B5E /* Frameworks */,
				8DD76F690486A84900D96B5E /* CopyFiles */,
			);
			buildRules = (
			);
			dependencies = (
			);
			name = sonarController;
			productInstallPath = "$(HOME)/bin";
			productName = sonarController;
			productReference = 8DD76F6C0486A84900D96B5E /* sonarController */;
			productType = "com.apple.product-type.tool";
		};
		A46599EC0D1469C0006B02F0 /* dfttest */ = {
			isa = PBXNativeTarget;
			buildConfigurationList = A46599F30D1469C0006B02F0 /* Build configuration list for PBXNativeTarget "dfttest" */;
			buildPhases = (
				A46599ED0D1469C0006B02F0 /* Sources */,
				A46599EF0D1469C0006B02F0 /* Frameworks */,
				A46599F10D1469C0006B02F0 /* CopyFiles */,
			);
			buildRules = (
			);
			dependencies = (
			);
			name = dfttest;
			productInstallPath = "$(HOME)/bin";
			productName = sonarController;
			productReference = A46599F60D1469C0006B02F0 /* dfttest */;
			productType = "com.apple.product-type.tool";
		};
		A4BB03E30CFDC4A40008AA74 /* crosscorrelation */ = {
			isa = PBXNativeTarget;
			buildConfigurationList = A4BB03EF0CFDC4A40008AA74 /* Build configuration list for PBXNativeTarget "crosscorrelation" */;
			buildPhases = (
				A4BB03E40CFDC4A40008AA74 /* Sources */,
				A4BB03EA0CFDC4A40008AA74 /* Frameworks */,
				A4BB03EB0CFDC4A40008AA74 /* CopyFiles */,
			);
			buildRules = (
			);
			dependencies = (
			);
			name = crosscorrelation;
			productInstallPath = "$(HOME)/bin";
			productName = sonarController;
			productReference = A4BB03F20CFDC4A40008AA74 /* crosscorrelation */;
			productType = "com.apple.product-type.tool";
		};
/* End PBXNativeTarget section */

/* Begin PBXProject section */
		08FB7793FE84155DC02AAC07 /* Project object */ = {
			isa = PBXProject;
			buildConfigurationList = 1DEB923508733DC60010E9CD /* Build configuration list for PBXProject "sonarController" */;
			hasScannedForEncodings = 1;
			mainGroup = 08FB7794FE84155DC02AAC07 /* sonarController */;
			projectDirPath = "";
			targets = (
				A4BB04770CFDC9900008AA74 /* Build All */,
				8DD76F620486A84900D96B5E /* sonarController */,
				A4BB03E30CFDC4A40008AA74 /* crosscorrelation */,
				A46599EC0D1469C0006B02F0 /* dfttest */,
				09545D290CFDFB9A002FD1D2 /* SonarCommon */,
				5F2D940B0D344C1700712D46 /* unittest */,
			);
		};
/* End PBXProject section */

/* Begin PBXSourcesBuildPhase section */
		09545D270CFDFB9A002FD1D2 /* Sources */ = {
			isa = PBXSourcesBuildPhase;
			buildActionMask = 2147483647;
			files = (
				A4BFB0160D00FA740013EB30 /* TDOA.cpp in Sources */,
				09545D2D0CFDFBB5002FD1D2 /* SonarController.cpp in Sources */,
				09545D2B0CFDFBB1002FD1D2 /* SonarChunk.cpp in Sources */,
				A4D9ED620CFE928D00F5548D /* Sonar.cpp in Sources */,
				A40504840D10AE43009B83D2 /* SimpleSlidingDFT.cpp in Sources */,
				A4659ABE0D1481EC006B02F0 /* Trigger.cpp in Sources */,
				5F2D93A90D3437E900712D46 /* SampleDelay.cpp in Sources */,
			);
			runOnlyForDeploymentPostprocessing = 0;
		};
		5F2D940C0D344C1700712D46 /* Sources */ = {
			isa = PBXSourcesBuildPhase;
			buildActionMask = 2147483647;
			files = (
				5F2D94170D344C5B00712D46 /* TestSampleDelay.cpp in Sources */,
				5F2D94180D344C5B00712D46 /* Test.cpp in Sources */,
			);
			runOnlyForDeploymentPostprocessing = 0;
		};
		8DD76F640486A84900D96B5E /* Sources */ = {
			isa = PBXSourcesBuildPhase;
			buildActionMask = 2147483647;
			files = (
				8DD76F650486A84900D96B5E /* main.cpp in Sources */,
			);
			runOnlyForDeploymentPostprocessing = 0;
		};
		A46599ED0D1469C0006B02F0 /* Sources */ = {
			isa = PBXSourcesBuildPhase;
			buildActionMask = 2147483647;
			files = (
				A46599F80D146A25006B02F0 /* dfttest.cpp in Sources */,
			);
			runOnlyForDeploymentPostprocessing = 0;
		};
		A4BB03E40CFDC4A40008AA74 /* Sources */ = {
			isa = PBXSourcesBuildPhase;
			buildActionMask = 2147483647;
			files = (
				A4BB03E90CFDC4A40008AA74 /* crosscorrelation.cpp in Sources */,
			);
			runOnlyForDeploymentPostprocessing = 0;
		};
/* End PBXSourcesBuildPhase section */

/* Begin PBXTargetDependency section */
		09545D4C0CFDFC51002FD1D2 /* PBXTargetDependency */ = {
			isa = PBXTargetDependency;
			target = 09545D290CFDFB9A002FD1D2 /* SonarCommon */;
			targetProxy = 09545D4B0CFDFC51002FD1D2 /* PBXContainerItemProxy */;
		};
		5F2D94FE0D34536E00712D46 /* PBXTargetDependency */ = {
			isa = PBXTargetDependency;
			target = 5F2D940B0D344C1700712D46 /* unittest */;
			targetProxy = 5F2D94FD0D34536E00712D46 /* PBXContainerItemProxy */;
		};
		A46599FA0D146A2F006B02F0 /* PBXTargetDependency */ = {
			isa = PBXTargetDependency;
			target = A46599EC0D1469C0006B02F0 /* dfttest */;
			targetProxy = A46599F90D146A2F006B02F0 /* PBXContainerItemProxy */;
		};
		A4BB04790CFDC99A0008AA74 /* PBXTargetDependency */ = {
			isa = PBXTargetDependency;
			target = 8DD76F620486A84900D96B5E /* sonarController */;
			targetProxy = A4BB04780CFDC99A0008AA74 /* PBXContainerItemProxy */;
		};
		A4BB047B0CFDC99F0008AA74 /* PBXTargetDependency */ = {
			isa = PBXTargetDependency;
			target = A4BB03E30CFDC4A40008AA74 /* crosscorrelation */;
			targetProxy = A4BB047A0CFDC99F0008AA74 /* PBXContainerItemProxy */;
		};
/* End PBXTargetDependency section */

/* Begin XCBuildConfiguration section */
		09545D340CFDFC04002FD1D2 /* Debug */ = {
			isa = XCBuildConfiguration;
			buildSettings = {
				ARCHS = ppc;
				COPY_PHASE_STRIP = NO;
				GCC_DYNAMIC_NO_PIC = NO;
				GCC_ENABLE_FIX_AND_CONTINUE = YES;
				GCC_GENERATE_DEBUGGING_SYMBOLS = YES;
				GCC_MODEL_TUNING = G5;
				GCC_OPTIMIZATION_LEVEL = 0;
				INSTALL_PATH = /usr/local/lib;
				PREBINDING = NO;
				PRODUCT_NAME = SonarCommon;
				ZERO_LINK = YES;
			};
			name = Debug;
		};
		09545D350CFDFC04002FD1D2 /* Release */ = {
			isa = XCBuildConfiguration;
			buildSettings = {
				ARCHS = ppc;
				COPY_PHASE_STRIP = YES;
				GCC_ENABLE_FIX_AND_CONTINUE = NO;
				GCC_GENERATE_DEBUGGING_SYMBOLS = NO;
				GCC_MODEL_TUNING = G5;
				INSTALL_PATH = /usr/local/lib;
				PREBINDING = NO;
				PRODUCT_NAME = SonarCommon;
				ZERO_LINK = NO;
			};
			name = Release;
		};
		1DEB923208733DC60010E9CD /* Debug */ = {
			isa = XCBuildConfiguration;
			buildSettings = {
				ARCHS = ppc;
				COPY_PHASE_STRIP = NO;
				GCC_DYNAMIC_NO_PIC = NO;
				GCC_ENABLE_FIX_AND_CONTINUE = YES;
				GCC_MODEL_TUNING = G5;
				GCC_OPTIMIZATION_LEVEL = 0;
				INSTALL_PATH = "$(HOME)/bin";
				LIBRARY_SEARCH_PATHS = (
					"$(inherited)",
					"$(LIBRARY_SEARCH_PATHS_QUOTED_1)",
					"$(LIBRARY_SEARCH_PATHS_QUOTED_2)",
				);
				LIBRARY_SEARCH_PATHS_QUOTED_1 = "\"$(SRCROOT)/build/Release\"";
				LIBRARY_SEARCH_PATHS_QUOTED_2 = "\"$(SRCROOT)/lib\"";
				PRODUCT_NAME = sonarController;
				ZERO_LINK = YES;
			};
			name = Debug;
		};
		1DEB923308733DC60010E9CD /* Release */ = {
			isa = XCBuildConfiguration;
			buildSettings = {
				ARCHS = ppc;
				GCC_GENERATE_DEBUGGING_SYMBOLS = NO;
				GCC_MODEL_TUNING = G5;
				INSTALL_PATH = "$(HOME)/bin";
				LIBRARY_SEARCH_PATHS = (
					"$(inherited)",
					"$(LIBRARY_SEARCH_PATHS_QUOTED_1)",
					"$(LIBRARY_SEARCH_PATHS_QUOTED_2)",
				);
				LIBRARY_SEARCH_PATHS_QUOTED_1 = "\"$(SRCROOT)/build/Release\"";
				LIBRARY_SEARCH_PATHS_QUOTED_2 = "\"$(SRCROOT)/lib\"";
				PRODUCT_NAME = sonarController;
			};
			name = Release;
		};
		1DEB923608733DC60010E9CD /* Debug */ = {
			isa = XCBuildConfiguration;
			buildSettings = {
				ARCHS = i386;
				GCC_WARN_ABOUT_RETURN_TYPE = YES;
				GCC_WARN_UNUSED_VARIABLE = YES;
				PREBINDING = NO;
				SDKROOT = /Developer/SDKs/MacOSX10.4u.sdk;
			};
			name = Debug;
		};
		1DEB923708733DC60010E9CD /* Release */ = {
			isa = XCBuildConfiguration;
			buildSettings = {
				ARCHS = i386;
				GCC_OPTIMIZATION_LEVEL = 3;
				GCC_WARN_ABOUT_RETURN_TYPE = YES;
				GCC_WARN_PEDANTIC = NO;
				GCC_WARN_SIGN_COMPARE = NO;
				GCC_WARN_UNUSED_VARIABLE = YES;
				PREBINDING = NO;
				SDKROOT = /Developer/SDKs/MacOSX10.4u.sdk;
			};
			name = Release;
		};
		5F2D94130D344C1700712D46 /* Debug */ = {
			isa = XCBuildConfiguration;
			buildSettings = {
				ARCHS = ppc;
				COPY_PHASE_STRIP = NO;
				GCC_DYNAMIC_NO_PIC = NO;
				GCC_ENABLE_FIX_AND_CONTINUE = YES;
				GCC_MODEL_TUNING = G5;
				GCC_OPTIMIZATION_LEVEL = 0;
				HEADER_SEARCH_PATHS = (
					"$(inherited)",
					include,
				);
				INSTALL_PATH = "$(HOME)/bin";
				LIBRARY_SEARCH_PATHS = (
					"$(inherited)",
					"$(LIBRARY_SEARCH_PATHS_QUOTED_1)",
					"$(LIBRARY_SEARCH_PATHS_QUOTED_2)",
				);
				LIBRARY_SEARCH_PATHS_QUOTED_1 = "\"$(SRCROOT)/build/Release\"";
				LIBRARY_SEARCH_PATHS_QUOTED_2 = "\"$(SRCROOT)/lib\"";
				PRODUCT_NAME = unittest;
				ZERO_LINK = YES;
			};
			name = Debug;
		};
		5F2D94140D344C1700712D46 /* Release */ = {
			isa = XCBuildConfiguration;
			buildSettings = {
				ARCHS = ppc;
				GCC_GENERATE_DEBUGGING_SYMBOLS = NO;
				GCC_MODEL_TUNING = G5;
				HEADER_SEARCH_PATHS = (
					"$(inherited)",
					include,
				);
				INSTALL_PATH = "$(HOME)/bin";
				LIBRARY_SEARCH_PATHS = (
					"$(inherited)",
					"$(LIBRARY_SEARCH_PATHS_QUOTED_1)",
					"$(LIBRARY_SEARCH_PATHS_QUOTED_2)",
				);
				LIBRARY_SEARCH_PATHS_QUOTED_1 = "\"$(SRCROOT)/build/Release\"";
				LIBRARY_SEARCH_PATHS_QUOTED_2 = "\"$(SRCROOT)/lib\"";
				PRODUCT_NAME = unittest;
			};
			name = Release;
		};
		A46599F40D1469C0006B02F0 /* Debug */ = {
			isa = XCBuildConfiguration;
			buildSettings = {
				ARCHS = ppc;
				COPY_PHASE_STRIP = NO;
				GCC_DYNAMIC_NO_PIC = NO;
				GCC_ENABLE_FIX_AND_CONTINUE = YES;
				GCC_MODEL_TUNING = G5;
				GCC_OPTIMIZATION_LEVEL = 0;
				INSTALL_PATH = "$(HOME)/bin";
				LIBRARY_SEARCH_PATHS = (
					"$(inherited)",
					"$(LIBRARY_SEARCH_PATHS_QUOTED_1)",
				);
				LIBRARY_SEARCH_PATHS_QUOTED_1 = "\"$(SRCROOT)/build/Release\"";
				PRODUCT_NAME = crosscorrelation;
				ZERO_LINK = YES;
			};
			name = Debug;
		};
		A46599F50D1469C0006B02F0 /* Release */ = {
			isa = XCBuildConfiguration;
			buildSettings = {
				ARCHS = ppc;
				GCC_GENERATE_DEBUGGING_SYMBOLS = NO;
				GCC_MODEL_TUNING = G5;
				INSTALL_PATH = "$(HOME)/bin";
				LIBRARY_SEARCH_PATHS = (
					"$(inherited)",
					"$(LIBRARY_SEARCH_PATHS_QUOTED_1)",
				);
				LIBRARY_SEARCH_PATHS_QUOTED_1 = "\"$(SRCROOT)/build/Release\"";
				PRODUCT_NAME = dfttest;
			};
			name = Release;
		};
		A4BB03F00CFDC4A40008AA74 /* Debug */ = {
			isa = XCBuildConfiguration;
			buildSettings = {
				ARCHS = ppc;
				COPY_PHASE_STRIP = NO;
				GCC_DYNAMIC_NO_PIC = NO;
				GCC_ENABLE_FIX_AND_CONTINUE = YES;
				GCC_MODEL_TUNING = G5;
				GCC_OPTIMIZATION_LEVEL = 0;
				INSTALL_PATH = "$(HOME)/bin";
				LIBRARY_SEARCH_PATHS = (
					"$(inherited)",
					"$(LIBRARY_SEARCH_PATHS_QUOTED_1)",
				);
				LIBRARY_SEARCH_PATHS_QUOTED_1 = "\"$(SRCROOT)/build/Release\"";
				PRODUCT_NAME = crosscorrelation;
				ZERO_LINK = YES;
			};
			name = Debug;
		};
		A4BB03F10CFDC4A40008AA74 /* Release */ = {
			isa = XCBuildConfiguration;
			buildSettings = {
				ARCHS = ppc;
				GCC_GENERATE_DEBUGGING_SYMBOLS = NO;
				GCC_MODEL_TUNING = G5;
				INSTALL_PATH = "$(HOME)/bin";
				LIBRARY_SEARCH_PATHS = (
					"$(inherited)",
					"$(LIBRARY_SEARCH_PATHS_QUOTED_1)",
				);
				LIBRARY_SEARCH_PATHS_QUOTED_1 = "\"$(SRCROOT)/build/Release\"";
				PRODUCT_NAME = crosscorrelation;
			};
			name = Release;
		};
		A4BB047F0CFDC9CB0008AA74 /* Debug */ = {
			isa = XCBuildConfiguration;
			buildSettings = {
				COPY_PHASE_STRIP = NO;
				GCC_DYNAMIC_NO_PIC = NO;
				GCC_GENERATE_DEBUGGING_SYMBOLS = YES;
				GCC_OPTIMIZATION_LEVEL = 0;
				PRODUCT_NAME = Untitled;
			};
			name = Debug;
		};
		A4BB04800CFDC9CB0008AA74 /* Release */ = {
			isa = XCBuildConfiguration;
			buildSettings = {
				COPY_PHASE_STRIP = YES;
				GCC_ENABLE_FIX_AND_CONTINUE = NO;
				GCC_GENERATE_DEBUGGING_SYMBOLS = NO;
				PRODUCT_NAME = Untitled;
				ZERO_LINK = NO;
			};
			name = Release;
		};
/* End XCBuildConfiguration section */

/* Begin XCConfigurationList section */
		09545D330CFDFC04002FD1D2 /* Build configuration list for PBXNativeTarget "SonarCommon" */ = {
			isa = XCConfigurationList;
			buildConfigurations = (
				09545D340CFDFC04002FD1D2 /* Debug */,
				09545D350CFDFC04002FD1D2 /* Release */,
			);
			defaultConfigurationIsVisible = 0;
			defaultConfigurationName = Release;
		};
		1DEB923108733DC60010E9CD /* Build configuration list for PBXNativeTarget "sonarController" */ = {
			isa = XCConfigurationList;
			buildConfigurations = (
				1DEB923208733DC60010E9CD /* Debug */,
				1DEB923308733DC60010E9CD /* Release */,
			);
			defaultConfigurationIsVisible = 0;
			defaultConfigurationName = Release;
		};
		1DEB923508733DC60010E9CD /* Build configuration list for PBXProject "sonarController" */ = {
			isa = XCConfigurationList;
			buildConfigurations = (
				1DEB923608733DC60010E9CD /* Debug */,
				1DEB923708733DC60010E9CD /* Release */,
			);
			defaultConfigurationIsVisible = 0;
			defaultConfigurationName = Release;
		};
		5F2D94120D344C1700712D46 /* Build configuration list for PBXNativeTarget "unittest" */ = {
			isa = XCConfigurationList;
			buildConfigurations = (
				5F2D94130D344C1700712D46 /* Debug */,
				5F2D94140D344C1700712D46 /* Release */,
			);
			defaultConfigurationIsVisible = 0;
			defaultConfigurationName = Release;
		};
		A46599F30D1469C0006B02F0 /* Build configuration list for PBXNativeTarget "dfttest" */ = {
			isa = XCConfigurationList;
			buildConfigurations = (
				A46599F40D1469C0006B02F0 /* Debug */,
				A46599F50D1469C0006B02F0 /* Release */,
			);
			defaultConfigurationIsVisible = 0;
			defaultConfigurationName = Release;
		};
		A4BB03EF0CFDC4A40008AA74 /* Build configuration list for PBXNativeTarget "crosscorrelation" */ = {
			isa = XCConfigurationList;
			buildConfigurations = (
				A4BB03F00CFDC4A40008AA74 /* Debug */,
				A4BB03F10CFDC4A40008AA74 /* Release */,
			);
			defaultConfigurationIsVisible = 0;
			defaultConfigurationName = Release;
		};
		A4BB047E0CFDC9CB0008AA74 /* Build configuration list for PBXAggregateTarget "Build All" */ = {
			isa = XCConfigurationList;
			buildConfigurations = (
				A4BB047F0CFDC9CB0008AA74 /* Debug */,
				A4BB04800CFDC9CB0008AA74 /* Release */,
			);
			defaultConfigurationIsVisible = 0;
			defaultConfigurationName = Release;
		};
/* End XCConfigurationList section */
	};
	rootObject = 08FB7793FE84155DC02AAC07 /* Project object */;
}
