<?xml version="1.0" encoding="UTF-8" standalone="yes" ?>
<CodeBlocks_project_file>
	<FileVersion major="1" minor="5" />
	<Project>
		<Option title="PyEmbed" />
		<Option pch_mode="2" />
		<Option default_target="" />
		<Option compiler="gcc" />
		<Option virtualFolders="" />
		<Build>
			<Target title="Debug">
				<Option output="../build/bin/PyEmbed" prefix_auto="1" extension_auto="1" />
				<Option working_dir="../build/bin" />
				<Option object_output="../build/obj/debug/" />
				<Option type="1" />
				<Option compiler="gcc" />
				<Compiler>
					<Add option="-g" />
				</Compiler>
			</Target>
			<Target title="Release">
				<Option output="../build/bin/PyEmbed" prefix_auto="1" extension_auto="1" />
				<Option working_dir="../build/bin" />
				<Option object_output="../build/obj/release/" />
				<Option type="1" />
				<Option compiler="gcc" />
				<Compiler>
					<Add option="-O2" />
				</Compiler>
				<Linker>
					<Add option="-s" />
				</Linker>
			</Target>
			<Target title="Module">
				<Option output="../build/myhello.so" prefix_auto="1" extension_auto="1" />
				<Option working_dir="../build/" />
				<Option object_output="../build/obj/release/" />
				<Option type="3" />
				<Option compiler="gcc" />
				<Compiler>
					<Add option="-O2" />
				</Compiler>
				<Linker>
					<Add option="-s" />
				</Linker>
			</Target>
			<Target title="PyConfig">
				<Option output="../build/cpyconfig.so" prefix_auto="1" extension_auto="1" />
				<Option working_dir="../build/" />
				<Option object_output="../build/obj/release/" />
				<Option type="3" />
				<Option compiler="gcc" />
				<Compiler>
					<Add option="-O2" />
				</Compiler>
				<Linker>
					<Add option="-s" />
				</Linker>
			</Target>
		</Build>
		<Compiler>
			<Add option="-Wall" />
			<Add directory="/usr/include/python2.4" />
		</Compiler>
		<Linker>
			<Add library="python2.4" />
			<Add library="boost_python" />
		</Linker>
		<Unit filename="../src/main.cpp">
			<Option compilerVar="CPP" />
			<Option target="Debug" />
			<Option target="Release" />
		</Unit>
		<Unit filename="../src/pyconfig.cpp">
			<Option compilerVar="CPP" />
			<Option target="Debug" />
			<Option target="Release" />
			<Option target="PyConfig" />
		</Unit>
		<Unit filename="../src/vehicle.cpp">
			<Option compilerVar="CPP" />
			<Option target="Debug" />
			<Option target="Release" />
			<Option target="Module" />
		</Unit>
	</Project>
</CodeBlocks_project_file>
