// !$*UTF8*$!
{
	archiveVersion = 1;
	classes = {
	};
	objectVersion = 45;
	objects = {

/* Begin PBXBuildFile section */
		1D3623260D0F684500981E51 /* PoloTouchAppDelegate.m in Sources */ = {isa = PBXBuildFile; fileRef = 1D3623250D0F684500981E51 /* PoloTouchAppDelegate.m */; };
		1D60589B0D05DD56006BFB54 /* main.m in Sources */ = {isa = PBXBuildFile; fileRef = 29B97316FDCFA39411CA2CEA /* main.m */; };
		1D60589F0D05DD5A006BFB54 /* Foundation.framework in Frameworks */ = {isa = PBXBuildFile; fileRef = 1D30AB110D05D00D00671497 /* Foundation.framework */; };
		1DF5F4E00D08C38300B7A737 /* UIKit.framework in Frameworks */ = {isa = PBXBuildFile; fileRef = 1DF5F4DF0D08C38300B7A737 /* UIKit.framework */; };
		2892E4100DC94CBA00A64D0F /* CoreGraphics.framework in Frameworks */ = {isa = PBXBuildFile; fileRef = 2892E40F0DC94CBA00A64D0F /* CoreGraphics.framework */; };
		2899E5600DE3E45000AC0155 /* RootViewController.xib in Resources */ = {isa = PBXBuildFile; fileRef = 2899E55F0DE3E45000AC0155 /* RootViewController.xib */; };
		28AD73600D9D9599002E5188 /* MainWindow.xib in Resources */ = {isa = PBXBuildFile; fileRef = 28AD735F0D9D9599002E5188 /* MainWindow.xib */; };
		28C286E10D94DF7D0034E888 /* RootViewController.m in Sources */ = {isa = PBXBuildFile; fileRef = 28C286E00D94DF7D0034E888 /* RootViewController.m */; };
		A460824B0F8843A5003EC285 /* robocrab-small.tif in Resources */ = {isa = PBXBuildFile; fileRef = A460824A0F8843A5003EC285 /* robocrab-small.tif */; };
		A46082690F884489003EC285 /* skynet.jpg in Resources */ = {isa = PBXBuildFile; fileRef = A46082680F884489003EC285 /* skynet.jpg */; };
		A4B39AD60F87E6C100C96F57 /* libIceObjC.0.1.0.dylib in Frameworks */ = {isa = PBXBuildFile; fileRef = A4B39AD50F87E6C100C96F57 /* libIceObjC.0.1.0.dylib */; };
		A4B39AE50F87E86500C96F57 /* libIceObjC.0.1.0.dylib in CopyFiles */ = {isa = PBXBuildFile; fileRef = A4B39AD50F87E6C100C96F57 /* libIceObjC.0.1.0.dylib */; };
		A4E4AFA30F870CF5002AFA66 /* OscilloscopeViewController.xib in Resources */ = {isa = PBXBuildFile; fileRef = A4E4AFA20F870CF5002AFA66 /* OscilloscopeViewController.xib */; };
		A4E4AFA80F870D25002AFA66 /* OscilloscopeViewController.m in Sources */ = {isa = PBXBuildFile; fileRef = A4E4AFA70F870D25002AFA66 /* OscilloscopeViewController.m */; };
		A4E4B0850F871B25002AFA66 /* GridView.m in Sources */ = {isa = PBXBuildFile; fileRef = A4E4B0820F871B25002AFA66 /* GridView.m */; };
		A4E4B0860F871B25002AFA66 /* OscilloscopeView.m in Sources */ = {isa = PBXBuildFile; fileRef = A4E4B0840F871B25002AFA66 /* OscilloscopeView.m */; };
		A4E4B0950F87212F002AFA66 /* CFNetwork.framework in Frameworks */ = {isa = PBXBuildFile; fileRef = A4E4B0930F87212F002AFA66 /* CFNetwork.framework */; };
		A4E4B0960F87212F002AFA66 /* Security.framework in Frameworks */ = {isa = PBXBuildFile; fileRef = A4E4B0940F87212F002AFA66 /* Security.framework */; };
		A4E4B0A40F87219F002AFA66 /* marcopolo.m in Sources */ = {isa = PBXBuildFile; fileRef = A4E4B0A30F87219F002AFA66 /* marcopolo.m */; };
		A4E4B0D30F8726F9002AFA66 /* PoloI.m in Sources */ = {isa = PBXBuildFile; fileRef = A4E4B0D20F8726F9002AFA66 /* PoloI.m */; };
		A4E4B0DF0F872C58002AFA66 /* SharedIce.m in Sources */ = {isa = PBXBuildFile; fileRef = A4E4B0DE0F872C58002AFA66 /* SharedIce.m */; };
/* End PBXBuildFile section */

/* Begin PBXCopyFilesBuildPhase section */
		A4B39AE60F87E86A00C96F57 /* CopyFiles */ = {
			isa = PBXCopyFilesBuildPhase;
			buildActionMask = 2147483647;
			dstPath = "";
			dstSubfolderSpec = 10;
			files = (
				A4B39AE50F87E86500C96F57 /* libIceObjC.0.1.0.dylib in CopyFiles */,
			);
			runOnlyForDeploymentPostprocessing = 0;
		};
/* End PBXCopyFilesBuildPhase section */

/* Begin PBXFileReference section */
		1D30AB110D05D00D00671497 /* Foundation.framework */ = {isa = PBXFileReference; lastKnownFileType = wrapper.framework; name = Foundation.framework; path = System/Library/Frameworks/Foundation.framework; sourceTree = SDKROOT; };
		1D3623240D0F684500981E51 /* PoloTouchAppDelegate.h */ = {isa = PBXFileReference; fileEncoding = 4; lastKnownFileType = sourcecode.c.h; path = PoloTouchAppDelegate.h; sourceTree = "<group>"; };
		1D3623250D0F684500981E51 /* PoloTouchAppDelegate.m */ = {isa = PBXFileReference; fileEncoding = 4; lastKnownFileType = sourcecode.c.objc; path = PoloTouchAppDelegate.m; sourceTree = "<group>"; };
		1D6058910D05DD3D006BFB54 /* PoloTouch.app */ = {isa = PBXFileReference; explicitFileType = wrapper.application; includeInIndex = 0; path = PoloTouch.app; sourceTree = BUILT_PRODUCTS_DIR; };
		1DF5F4DF0D08C38300B7A737 /* UIKit.framework */ = {isa = PBXFileReference; lastKnownFileType = wrapper.framework; name = UIKit.framework; path = System/Library/Frameworks/UIKit.framework; sourceTree = SDKROOT; };
		2892E40F0DC94CBA00A64D0F /* CoreGraphics.framework */ = {isa = PBXFileReference; lastKnownFileType = wrapper.framework; name = CoreGraphics.framework; path = System/Library/Frameworks/CoreGraphics.framework; sourceTree = SDKROOT; };
		2899E55F0DE3E45000AC0155 /* RootViewController.xib */ = {isa = PBXFileReference; lastKnownFileType = file.xib; path = RootViewController.xib; sourceTree = "<group>"; };
		28A0AAE50D9B0CCF005BE974 /* PoloTouch_Prefix.pch */ = {isa = PBXFileReference; fileEncoding = 4; lastKnownFileType = sourcecode.c.h; path = PoloTouch_Prefix.pch; sourceTree = "<group>"; };
		28AD735F0D9D9599002E5188 /* MainWindow.xib */ = {isa = PBXFileReference; lastKnownFileType = file.xib; path = MainWindow.xib; sourceTree = "<group>"; };
		28C286DF0D94DF7D0034E888 /* RootViewController.h */ = {isa = PBXFileReference; fileEncoding = 4; lastKnownFileType = sourcecode.c.h; path = RootViewController.h; sourceTree = "<group>"; };
		28C286E00D94DF7D0034E888 /* RootViewController.m */ = {isa = PBXFileReference; fileEncoding = 4; lastKnownFileType = sourcecode.c.objc; path = RootViewController.m; sourceTree = "<group>"; };
		29B97316FDCFA39411CA2CEA /* main.m */ = {isa = PBXFileReference; fileEncoding = 4; lastKnownFileType = sourcecode.c.objc; path = main.m; sourceTree = "<group>"; };
		8D1107310486CEB800E47090 /* Info.plist */ = {isa = PBXFileReference; fileEncoding = 4; lastKnownFileType = text.plist.xml; path = Info.plist; sourceTree = "<group>"; };
		A460824A0F8843A5003EC285 /* robocrab-small.tif */ = {isa = PBXFileReference; lastKnownFileType = image.tiff; path = "robocrab-small.tif"; sourceTree = "<group>"; };
		A46082680F884489003EC285 /* skynet.jpg */ = {isa = PBXFileReference; lastKnownFileType = image.jpeg; path = skynet.jpg; sourceTree = "<group>"; };
		A4B39AD50F87E6C100C96F57 /* libIceObjC.0.1.0.dylib */ = {isa = PBXFileReference; lastKnownFileType = "compiled.mach-o.dylib"; name = libIceObjC.0.1.0.dylib; path = "/opt/IceTouch-0.1.0/lib/simulator/libIceObjC.0.1.0.dylib"; sourceTree = "<absolute>"; };
		A4E4AFA20F870CF5002AFA66 /* OscilloscopeViewController.xib */ = {isa = PBXFileReference; lastKnownFileType = file.xib; path = OscilloscopeViewController.xib; sourceTree = "<group>"; };
		A4E4AFA60F870D25002AFA66 /* OscilloscopeViewController.h */ = {isa = PBXFileReference; fileEncoding = 4; lastKnownFileType = sourcecode.c.h; path = OscilloscopeViewController.h; sourceTree = "<group>"; };
		A4E4AFA70F870D25002AFA66 /* OscilloscopeViewController.m */ = {isa = PBXFileReference; fileEncoding = 4; lastKnownFileType = sourcecode.c.objc; path = OscilloscopeViewController.m; sourceTree = "<group>"; };
		A4E4B0810F871B25002AFA66 /* GridView.h */ = {isa = PBXFileReference; fileEncoding = 4; lastKnownFileType = sourcecode.c.h; path = GridView.h; sourceTree = "<group>"; };
		A4E4B0820F871B25002AFA66 /* GridView.m */ = {isa = PBXFileReference; fileEncoding = 4; lastKnownFileType = sourcecode.c.objc; path = GridView.m; sourceTree = "<group>"; };
		A4E4B0830F871B25002AFA66 /* OscilloscopeView.h */ = {isa = PBXFileReference; fileEncoding = 4; lastKnownFileType = sourcecode.c.h; path = OscilloscopeView.h; sourceTree = "<group>"; };
		A4E4B0840F871B25002AFA66 /* OscilloscopeView.m */ = {isa = PBXFileReference; fileEncoding = 4; lastKnownFileType = sourcecode.c.objc; path = OscilloscopeView.m; sourceTree = "<group>"; };
		A4E4B0930F87212F002AFA66 /* CFNetwork.framework */ = {isa = PBXFileReference; lastKnownFileType = wrapper.framework; name = CFNetwork.framework; path = System/Library/Frameworks/CFNetwork.framework; sourceTree = SDKROOT; };
		A4E4B0940F87212F002AFA66 /* Security.framework */ = {isa = PBXFileReference; lastKnownFileType = wrapper.framework; name = Security.framework; path = System/Library/Frameworks/Security.framework; sourceTree = SDKROOT; };
		A4E4B0A20F87219F002AFA66 /* marcopolo.h */ = {isa = PBXFileReference; fileEncoding = 4; lastKnownFileType = sourcecode.c.h; path = marcopolo.h; sourceTree = "<group>"; };
		A4E4B0A30F87219F002AFA66 /* marcopolo.m */ = {isa = PBXFileReference; fileEncoding = 4; lastKnownFileType = sourcecode.c.objc; path = marcopolo.m; sourceTree = "<group>"; };
		A4E4B0D10F8726F9002AFA66 /* PoloI.h */ = {isa = PBXFileReference; fileEncoding = 4; lastKnownFileType = sourcecode.c.h; path = PoloI.h; sourceTree = "<group>"; };
		A4E4B0D20F8726F9002AFA66 /* PoloI.m */ = {isa = PBXFileReference; fileEncoding = 4; lastKnownFileType = sourcecode.c.objc; path = PoloI.m; sourceTree = "<group>"; };
		A4E4B0DD0F872C58002AFA66 /* SharedIce.h */ = {isa = PBXFileReference; fileEncoding = 4; lastKnownFileType = sourcecode.c.h; path = SharedIce.h; sourceTree = "<group>"; };
		A4E4B0DE0F872C58002AFA66 /* SharedIce.m */ = {isa = PBXFileReference; fileEncoding = 4; lastKnownFileType = sourcecode.c.objc; path = SharedIce.m; sourceTree = "<group>"; };
		A4E4B1870F87370A002AFA66 /* marcopolo.ice */ = {isa = PBXFileReference; fileEncoding = 4; lastKnownFileType = text; name = marcopolo.ice; path = ../../common/marcopolo.ice; sourceTree = SOURCE_ROOT; };
/* End PBXFileReference section */

/* Begin PBXFrameworksBuildPhase section */
		1D60588F0D05DD3D006BFB54 /* Frameworks */ = {
			isa = PBXFrameworksBuildPhase;
			buildActionMask = 2147483647;
			files = (
				1D60589F0D05DD5A006BFB54 /* Foundation.framework in Frameworks */,
				1DF5F4E00D08C38300B7A737 /* UIKit.framework in Frameworks */,
				2892E4100DC94CBA00A64D0F /* CoreGraphics.framework in Frameworks */,
				A4E4B0950F87212F002AFA66 /* CFNetwork.framework in Frameworks */,
				A4E4B0960F87212F002AFA66 /* Security.framework in Frameworks */,
				A4B39AD60F87E6C100C96F57 /* libIceObjC.0.1.0.dylib in Frameworks */,
			);
			runOnlyForDeploymentPostprocessing = 0;
		};
/* End PBXFrameworksBuildPhase section */

/* Begin PBXGroup section */
		080E96DDFE201D6D7F000001 /* Classes */ = {
			isa = PBXGroup;
			children = (
				A4E4B0810F871B25002AFA66 /* GridView.h */,
				A4E4B0820F871B25002AFA66 /* GridView.m */,
				A4E4B0830F871B25002AFA66 /* OscilloscopeView.h */,
				A4E4B0840F871B25002AFA66 /* OscilloscopeView.m */,
				28C286DF0D94DF7D0034E888 /* RootViewController.h */,
				28C286E00D94DF7D0034E888 /* RootViewController.m */,
				1D3623240D0F684500981E51 /* PoloTouchAppDelegate.h */,
				1D3623250D0F684500981E51 /* PoloTouchAppDelegate.m */,
				A4E4AFA60F870D25002AFA66 /* OscilloscopeViewController.h */,
				A4E4AFA70F870D25002AFA66 /* OscilloscopeViewController.m */,
				A4E4B0D10F8726F9002AFA66 /* PoloI.h */,
				A4E4B0D20F8726F9002AFA66 /* PoloI.m */,
				A4E4B0DD0F872C58002AFA66 /* SharedIce.h */,
				A4E4B0DE0F872C58002AFA66 /* SharedIce.m */,
			);
			path = Classes;
			sourceTree = "<group>";
		};
		19C28FACFE9D520D11CA2CBB /* Products */ = {
			isa = PBXGroup;
			children = (
				1D6058910D05DD3D006BFB54 /* PoloTouch.app */,
			);
			name = Products;
			sourceTree = "<group>";
		};
		29B97314FDCFA39411CA2CEA /* CustomTemplate */ = {
			isa = PBXGroup;
			children = (
				080E96DDFE201D6D7F000001 /* Classes */,
				29B97315FDCFA39411CA2CEA /* Other Sources */,
				29B97317FDCFA39411CA2CEA /* Resources */,
				29B97323FDCFA39411CA2CEA /* Frameworks */,
				19C28FACFE9D520D11CA2CBB /* Products */,
			);
			name = CustomTemplate;
			sourceTree = "<group>";
		};
		29B97315FDCFA39411CA2CEA /* Other Sources */ = {
			isa = PBXGroup;
			children = (
				A4E4B1870F87370A002AFA66 /* marcopolo.ice */,
				A4E4B0A10F87219F002AFA66 /* generated */,
				28A0AAE50D9B0CCF005BE974 /* PoloTouch_Prefix.pch */,
				29B97316FDCFA39411CA2CEA /* main.m */,
			);
			name = "Other Sources";
			sourceTree = "<group>";
		};
		29B97317FDCFA39411CA2CEA /* Resources */ = {
			isa = PBXGroup;
			children = (
				A46082680F884489003EC285 /* skynet.jpg */,
				A460824A0F8843A5003EC285 /* robocrab-small.tif */,
				2899E55F0DE3E45000AC0155 /* RootViewController.xib */,
				28AD735F0D9D9599002E5188 /* MainWindow.xib */,
				8D1107310486CEB800E47090 /* Info.plist */,
				A4E4AFA20F870CF5002AFA66 /* OscilloscopeViewController.xib */,
			);
			name = Resources;
			sourceTree = "<group>";
		};
		29B97323FDCFA39411CA2CEA /* Frameworks */ = {
			isa = PBXGroup;
			children = (
				A4B39AD50F87E6C100C96F57 /* libIceObjC.0.1.0.dylib */,
				A4E4B0930F87212F002AFA66 /* CFNetwork.framework */,
				A4E4B0940F87212F002AFA66 /* Security.framework */,
				1DF5F4DF0D08C38300B7A737 /* UIKit.framework */,
				1D30AB110D05D00D00671497 /* Foundation.framework */,
				2892E40F0DC94CBA00A64D0F /* CoreGraphics.framework */,
			);
			name = Frameworks;
			sourceTree = "<group>";
		};
		A4E4B0A10F87219F002AFA66 /* generated */ = {
			isa = PBXGroup;
			children = (
				A4E4B0A20F87219F002AFA66 /* marcopolo.h */,
				A4E4B0A30F87219F002AFA66 /* marcopolo.m */,
			);
			name = generated;
			path = build/generated;
			sourceTree = "<group>";
		};
/* End PBXGroup section */

/* Begin PBXNativeTarget section */
		1D6058900D05DD3D006BFB54 /* PoloTouch */ = {
			isa = PBXNativeTarget;
			buildConfigurationList = 1D6058960D05DD3E006BFB54 /* Build configuration list for PBXNativeTarget "PoloTouch" */;
			buildPhases = (
				A4E4B09F0F872160002AFA66 /* ShellScript */,
				1D60588D0D05DD3D006BFB54 /* Resources */,
				1D60588E0D05DD3D006BFB54 /* Sources */,
				1D60588F0D05DD3D006BFB54 /* Frameworks */,
				A4B39AE60F87E86A00C96F57 /* CopyFiles */,
			);
			buildRules = (
			);
			dependencies = (
			);
			name = PoloTouch;
			productName = PoloTouch;
			productReference = 1D6058910D05DD3D006BFB54 /* PoloTouch.app */;
			productType = "com.apple.product-type.application";
		};
/* End PBXNativeTarget section */

/* Begin PBXProject section */
		29B97313FDCFA39411CA2CEA /* Project object */ = {
			isa = PBXProject;
			buildConfigurationList = C01FCF4E08A954540054247B /* Build configuration list for PBXProject "PoloTouch" */;
			compatibilityVersion = "Xcode 3.1";
			hasScannedForEncodings = 1;
			knownRegions = (
				English,
				Japanese,
				French,
				German,
				en,
			);
			mainGroup = 29B97314FDCFA39411CA2CEA /* CustomTemplate */;
			projectDirPath = "";
			projectRoot = "";
			targets = (
				1D6058900D05DD3D006BFB54 /* PoloTouch */,
			);
		};
/* End PBXProject section */

/* Begin PBXResourcesBuildPhase section */
		1D60588D0D05DD3D006BFB54 /* Resources */ = {
			isa = PBXResourcesBuildPhase;
			buildActionMask = 2147483647;
			files = (
				28AD73600D9D9599002E5188 /* MainWindow.xib in Resources */,
				2899E5600DE3E45000AC0155 /* RootViewController.xib in Resources */,
				A4E4AFA30F870CF5002AFA66 /* OscilloscopeViewController.xib in Resources */,
				A460824B0F8843A5003EC285 /* robocrab-small.tif in Resources */,
				A46082690F884489003EC285 /* skynet.jpg in Resources */,
			);
			runOnlyForDeploymentPostprocessing = 0;
		};
/* End PBXResourcesBuildPhase section */

/* Begin PBXShellScriptBuildPhase section */
		A4E4B09F0F872160002AFA66 /* ShellScript */ = {
			isa = PBXShellScriptBuildPhase;
			buildActionMask = 2147483647;
			files = (
			);
			inputPaths = (
				"$(PROJECT_DIR)/../../common/marcopolo.ice",
			);
			outputPaths = (
				"$(BUILD_DIR)/generated/marcopolo.m",
				"$(BUILD_DIR)/generated/marcopolo.h",
			);
			runOnlyForDeploymentPostprocessing = 0;
			shellPath = /bin/sh;
			shellScript = "mkdir -p ${BUILD_DIR}/generated\n/opt/IceTouch-0.1.0/bin/slice2objc --output-dir ${BUILD_DIR}/generated ${PROJECT_DIR}/../../common/marcopolo.ice\n";
		};
/* End PBXShellScriptBuildPhase section */

/* Begin PBXSourcesBuildPhase section */
		1D60588E0D05DD3D006BFB54 /* Sources */ = {
			isa = PBXSourcesBuildPhase;
			buildActionMask = 2147483647;
			files = (
				1D60589B0D05DD56006BFB54 /* main.m in Sources */,
				1D3623260D0F684500981E51 /* PoloTouchAppDelegate.m in Sources */,
				28C286E10D94DF7D0034E888 /* RootViewController.m in Sources */,
				A4E4AFA80F870D25002AFA66 /* OscilloscopeViewController.m in Sources */,
				A4E4B0850F871B25002AFA66 /* GridView.m in Sources */,
				A4E4B0860F871B25002AFA66 /* OscilloscopeView.m in Sources */,
				A4E4B0A40F87219F002AFA66 /* marcopolo.m in Sources */,
				A4E4B0D30F8726F9002AFA66 /* PoloI.m in Sources */,
				A4E4B0DF0F872C58002AFA66 /* SharedIce.m in Sources */,
			);
			runOnlyForDeploymentPostprocessing = 0;
		};
/* End PBXSourcesBuildPhase section */

/* Begin XCBuildConfiguration section */
		1D6058940D05DD3E006BFB54 /* Debug */ = {
			isa = XCBuildConfiguration;
			buildSettings = {
				ALWAYS_SEARCH_USER_PATHS = NO;
				COPY_PHASE_STRIP = NO;
				GCC_DYNAMIC_NO_PIC = NO;
				GCC_OPTIMIZATION_LEVEL = 0;
				GCC_PRECOMPILE_PREFIX_HEADER = YES;
				GCC_PREFIX_HEADER = PoloTouch_Prefix.pch;
				INFOPLIST_FILE = Info.plist;
				LIBRARY_SEARCH_PATHS = (
					"$(inherited)",
					"\"/opt/IceTouch-0.1.0/lib/simulator\"",
				);
				PRODUCT_NAME = PoloTouch;
			};
			name = Debug;
		};
		1D6058950D05DD3E006BFB54 /* Release */ = {
			isa = XCBuildConfiguration;
			buildSettings = {
				ALWAYS_SEARCH_USER_PATHS = NO;
				COPY_PHASE_STRIP = YES;
				GCC_PRECOMPILE_PREFIX_HEADER = YES;
				GCC_PREFIX_HEADER = PoloTouch_Prefix.pch;
				INFOPLIST_FILE = Info.plist;
				LIBRARY_SEARCH_PATHS = (
					"$(inherited)",
					"\"/opt/IceTouch-0.1.0/lib/simulator\"",
				);
				PRODUCT_NAME = PoloTouch;
			};
			name = Release;
		};
		C01FCF4F08A954540054247B /* Debug */ = {
			isa = XCBuildConfiguration;
			buildSettings = {
				ARCHS = "$(ARCHS_STANDARD_32_BIT)";
				"CODE_SIGN_IDENTITY[sdk=iphoneos*]" = "iPhone Developer";
				GCC_C_LANGUAGE_STANDARD = c99;
				GCC_WARN_ABOUT_RETURN_TYPE = YES;
				GCC_WARN_UNUSED_VARIABLE = YES;
				HEADER_SEARCH_PATHS = (
					"$(BUILD_DIR)/generated",
					"/opt/IceTouch-0.1.0/include",
				);
				ONLY_ACTIVE_ARCH = YES;
				PREBINDING = NO;
				SDKROOT = iphoneos2.2;
				STANDARD_C_PLUS_PLUS_LIBRARY_TYPE = static;
			};
			name = Debug;
		};
		C01FCF5008A954540054247B /* Release */ = {
			isa = XCBuildConfiguration;
			buildSettings = {
				ARCHS = "$(ARCHS_STANDARD_32_BIT)";
				"CODE_SIGN_IDENTITY[sdk=iphoneos*]" = "iPhone Developer";
				GCC_C_LANGUAGE_STANDARD = c99;
				GCC_WARN_ABOUT_RETURN_TYPE = YES;
				GCC_WARN_UNUSED_VARIABLE = YES;
				HEADER_SEARCH_PATHS = (
					"$(BUILD_DIR)/generated",
					"/opt/IceTouch-0.1.0/include",
				);
				PREBINDING = NO;
				SDKROOT = iphoneos2.2;
				STANDARD_C_PLUS_PLUS_LIBRARY_TYPE = static;
			};
			name = Release;
		};
/* End XCBuildConfiguration section */

/* Begin XCConfigurationList section */
		1D6058960D05DD3E006BFB54 /* Build configuration list for PBXNativeTarget "PoloTouch" */ = {
			isa = XCConfigurationList;
			buildConfigurations = (
				1D6058940D05DD3E006BFB54 /* Debug */,
				1D6058950D05DD3E006BFB54 /* Release */,
			);
			defaultConfigurationIsVisible = 0;
			defaultConfigurationName = Release;
		};
		C01FCF4E08A954540054247B /* Build configuration list for PBXProject "PoloTouch" */ = {
			isa = XCConfigurationList;
			buildConfigurations = (
				C01FCF4F08A954540054247B /* Debug */,
				C01FCF5008A954540054247B /* Release */,
			);
			defaultConfigurationIsVisible = 0;
			defaultConfigurationName = Release;
		};
/* End XCConfigurationList section */
	};
	rootObject = 29B97313FDCFA39411CA2CEA /* Project object */;
}
