<?xml version="1.0" encoding="UTF-8" standalone="yes" ?>
<CodeBlocks_project_file>
	<FileVersion major="1" minor="4" />
	<Project>
		<Option title="C_Matlab" />
		<Option compiler="gcc" />
		<Build>
			<Target title="Release">
				<Option output="bin\Release\C_Matlab.exe" />
				<Option object_output="obj\Release\" />
				<Option type="1" />
				<Option compiler="gcc" />
				<Option projectResourceIncludeDirsRelation="0" />
				<Compiler>
					<Add option="-O2" />
					<Add option="-s" />
				</Compiler>
			</Target>
		</Build>
		<Compiler>
			<Add option="-Wall" />
		</Compiler>
		<Unit filename=".svn\text-base\main.cpp.svn-base">
			<Option compilerVar="CPP" />
			<Option compile="0" />
			<Option link="0" />
			<Option target="Release" />
		</Unit>
		<Unit filename=".svn\text-base\Makefile.am.svn-base">
			<Option compilerVar="CPP" />
			<Option compile="0" />
			<Option link="0" />
			<Option target="Release" />
		</Unit>
		<Unit filename=".svn\all-wcprops">
			<Option compilerVar="CPP" />
			<Option compile="0" />
			<Option link="0" />
			<Option target="Release" />
		</Unit>
		<Unit filename=".svn\entries">
			<Option compilerVar="CPP" />
			<Option compile="0" />
			<Option link="0" />
			<Option target="Release" />
		</Unit>
		<Unit filename=".svn\format">
			<Option compilerVar="CPP" />
			<Option compile="0" />
			<Option link="0" />
			<Option target="Release" />
		</Unit>
		<Unit filename="main.cpp">
			<Option compilerVar="CPP" />
			<Option target="Release" />
		</Unit>
		<Unit filename="Makefile.am">
			<Option compilerVar="CPP" />
			<Option compile="0" />
			<Option link="0" />
			<Option target="Release" />
		</Unit>
	</Project>
</CodeBlocks_project_file>